
Microsoft Visual Studio Solution File, Format Version 11.00
# Visual Studio 2010
Project("{FAE04EC0-301F-11D3-BF4B-00C04F79EFBC}") = "SqlScriptGenerator", "SqlScriptGenerator\SqlScriptGenerator.csproj", "{2775C56D-834D-411B-93C3-B4FE111A5FDC}"
EndProject
Global
	GlobalSection(SolutionConfigurationPlatforms) = preSolution
		Debug|Any CPU = Debug|Any CPU
		Release|Any CPU = Release|Any CPU
	EndGlobalSection
	GlobalSection(ProjectConfigurationPlatforms) = postSolution
		{2775C56D-834D-411B-93C3-B4FE111A5FDC}.Debug|Any CPU.ActiveCfg = Debug|Any CPU
		{2775C56D-834D-411B-93C3-B4FE111A5FDC}.Debug|Any CPU.Build.0 = Debug|Any CPU
		{2775C56D-834D-411B-93C3-B4FE111A5FDC}.Release|Any CPU.ActiveCfg = Release|Any CPU
		{2775C56D-834D-411B-93C3-B4FE111A5FDC}.Release|Any CPU.Build.0 = Release|Any CPU
	EndGlobalSection
	GlobalSection(SolutionProperties) = preSolution
		HideSolutionNode = FALSE
	EndGlobalSection
EndGlobal
